{
    "_meta": {
        "hash": {
            "sha256": "666f4d8deb71ac193e56de969f8420fc790fbb8aeb1de46215e536228ba1eedd"
        },
        "pipfile-spec": 6,
        "requires": {
            "python_version": "3.7"
        },
        "sources": [
            {
                "name": "pypi",
                "url": "https://pypi.org/simple",
                "verify_ssl": true
            }
        ]
    },
    "default": {
        "blinker": {
            "hashes": [
                "sha256:471aee25f3992bd325afa3772f1063dbdbbca947a041b8b89466dc00d606f8b6"
            ],
            "version": "==1.4"
        },
        "boto3": {
            "hashes": [
                "sha256:2c00bad7d049e363111d67f9eb1bdde34df0bfe4083fd8602ce1249aca691093",
                "sha256:6d8459706a17752a98f5c8e8258b8c207189960c60da74384de81b6f68732f26"
            ],
            "index": "pypi",
            "version": "==1.13.10"
        },
        "botocore": {
            "hashes": [
                "sha256:318b487b9496bf162883fce9ce137b1cd864a968bb0c9e70e0e44c4a62cf2d3c",
                "sha256:34f4324d15245482a78f1f1b71861982f3e30ed22245bf2e1ec112b5dac5b349"
            ],
            "version": "==1.16.26"
        },
        "brotli": {
            "hashes": [
                "sha256:160c78292e98d21e73a4cc7f76a234390e516afcd982fa17e1422f7c6a9ce9c8",
                "sha256:16d528a45c2e1909c2798f27f7bf0a3feec1dc9e50948e738b961618e38b6a7b",
                "sha256:1c48472a6ba3b113452355b9af0a60da5c2ae60477f8feda8346f8fd48e3e87c",
                "sha256:268fe94547ba25b58ebc724680609c8ee3e5a843202e9a381f6f9c5e8bdb5c70",
                "sha256:269a5743a393c65db46a7bb982644c67ecba4b8d91b392403ad8a861ba6f495f",
                "sha256:35a3edbe18e876e596553c4007a087f8bcfd538f19bc116917b3c7522fca0429",
                "sha256:3b78a24b5fd13c03ee2b7b86290ed20efdc95da75a3557cc06811764d5ad1126",
                "sha256:40d15c79f42e0a2c72892bf407979febd9cf91f36f495ffb333d1d04cebb34e4",
                "sha256:4d1b810aa0ed773f81dceda2cc7b403d01057458730e309856356d4ef4188438",
                "sha256:503fa6af7da9f4b5780bb7e4cbe0c639b010f12be85d02c99452825dd0feef3f",
                "sha256:56d027eace784738457437df7331965473f2c0da2c70e1a1f6fdbae5402e0389",
                "sha256:5913a1177fc36e30fcf6dc868ce23b0453952c78c04c266d3149b3d39e1410d6",
                "sha256:5b6ef7d9f9c38292df3690fe3e302b5b530999fa90014853dcd0d6902fb59f26",
                "sha256:5cb1e18167792d7d21e21365d7650b72d5081ed476123ff7b8cac7f45189c0c7",
                "sha256:61a7ee1f13ab913897dac7da44a73c6d44d48a4adff42a5701e3239791c96e14",
                "sha256:68715970f16b6e92c574c30747c95cf8cf62804569647386ff032195dc89a430",
                "sha256:6b2ae9f5f67f89aade1fab0f7fd8f2832501311c363a21579d02defa844d9296",
                "sha256:6c772d6c0a79ac0f414a9f8947cc407e119b8598de7621f39cacadae3cf57d12",
                "sha256:7cb81373984cc0e4682f31bc3d6be9026006d96eecd07ea49aafb06897746452",
                "sha256:854c33dad5ba0fbd6ab69185fec8dab89e13cda6b7d191ba111987df74f38761",
                "sha256:88c63a1b55f352b02c6ffd24b15ead9fc0e8bf781dbe070213039324922a2eea",
                "sha256:93130612b837103e15ac3f9cbacb4613f9e348b58b3aad53721d92e57f96d46a",
                "sha256:97f715cf371b16ac88b8c19da00029804e20e25f30d80203417255d239f228b5",
                "sha256:9d12cf2851759b8de8ca5fde36a59c08210a97ffca0eb94c532ce7b17c6a3d1d",
                "sha256:afde17ae04d90fbe53afb628f7f2d4ca022797aa093e809de5c3cf276f61bbfa",
                "sha256:b663f1e02de5d0573610756398e44c130add0eb9a3fc912a09665332942a2efb",
                "sha256:c2415d9d082152460f2bd4e382a1e85aed233abc92db5a3880da2257dc7daf7b",
                "sha256:c83aa123d56f2e060644427a882a36b3c12db93727ad7a7b9efd7d7f3e9cc2c4",
                "sha256:cfc391f4429ee0a9370aa93d812a52e1fee0f37a81861f4fdd1f4fb28e8547c3",
                "sha256:db844eb158a87ccab83e868a762ea8024ae27337fc7ddcbfcddd157f841fdfe7",
                "sha256:defed7ea5f218a9f2336301e6fd379f55c655bea65ba2476346340a0ce6f74a1",
                "sha256:f909bbbc433048b499cb9db9e713b5d8d949e8c109a2a548502fb9aa8630f0b1"
            ],
            "version": "==1.0.9"
        },
        "cachetools": {
            "hashes": [
                "sha256:1d9d5f567be80f7c07d765e21b814326d78c61eb0c3a637dffc0e5d1796cb2e2",
                "sha256:f469e29e7aa4cff64d8de4aad95ce76de8ea1125a16c68e0d93f65c3c3dc92e9"
            ],
            "version": "==4.2.1"
        },
        "certifi": {
            "hashes": [
                "sha256:1a4995114262bffbc2413b159f2a1a480c969de6e6eb13ee966d470af86af59c",
                "sha256:719a74fb9e33b9bd44cc7f3a8d94bc35e4049deebe19ba7d8e108280cfd59830"
            ],
            "version": "==2020.12.5"
        },
        "cffi": {
            "hashes": [
                "sha256:005a36f41773e148deac64b08f233873a4d0c18b053d37da83f6af4d9087b813",
                "sha256:0857f0ae312d855239a55c81ef453ee8fd24136eaba8e87a2eceba644c0d4c06",
                "sha256:1071534bbbf8cbb31b498d5d9db0f274f2f7a865adca4ae429e147ba40f73dea",
                "sha256:158d0d15119b4b7ff6b926536763dc0714313aa59e320ddf787502c70c4d4bee",
                "sha256:1f436816fc868b098b0d63b8920de7d208c90a67212546d02f84fe78a9c26396",
                "sha256:2894f2df484ff56d717bead0a5c2abb6b9d2bf26d6960c4604d5c48bbc30ee73",
                "sha256:29314480e958fd8aab22e4a58b355b629c59bf5f2ac2492b61e3dc06d8c7a315",
                "sha256:34eff4b97f3d982fb93e2831e6750127d1355a923ebaeeb565407b3d2f8d41a1",
                "sha256:35f27e6eb43380fa080dccf676dece30bef72e4a67617ffda586641cd4508d49",
                "sha256:3d3dd4c9e559eb172ecf00a2a7517e97d1e96de2a5e610bd9b68cea3925b4892",
                "sha256:43e0b9d9e2c9e5d152946b9c5fe062c151614b262fda2e7b201204de0b99e482",
                "sha256:48e1c69bbacfc3d932221851b39d49e81567a4d4aac3b21258d9c24578280058",
                "sha256:51182f8927c5af975fece87b1b369f722c570fe169f9880764b1ee3bca8347b5",
                "sha256:58e3f59d583d413809d60779492342801d6e82fefb89c86a38e040c16883be53",
                "sha256:5de7970188bb46b7bf9858eb6890aad302577a5f6f75091fd7cdd3ef13ef3045",
                "sha256:65fa59693c62cf06e45ddbb822165394a288edce9e276647f0046e1ec26920f3",
                "sha256:69e395c24fc60aad6bb4fa7e583698ea6cc684648e1ffb7fe85e3c1ca131a7d5",
                "sha256:6c97d7350133666fbb5cf4abdc1178c812cb205dc6f41d174a7b0f18fb93337e",
                "sha256:6e4714cc64f474e4d6e37cfff31a814b509a35cb17de4fb1999907575684479c",
                "sha256:72d8d3ef52c208ee1c7b2e341f7d71c6fd3157138abf1a95166e6165dd5d4369",
                "sha256:8ae6299f6c68de06f136f1f9e69458eae58f1dacf10af5c17353eae03aa0d827",
                "sha256:8b198cec6c72df5289c05b05b8b0969819783f9418e0409865dac47288d2a053",
                "sha256:99cd03ae7988a93dd00bcd9d0b75e1f6c426063d6f03d2f90b89e29b25b82dfa",
                "sha256:9cf8022fb8d07a97c178b02327b284521c7708d7c71a9c9c355c178ac4bbd3d4",
                "sha256:9de2e279153a443c656f2defd67769e6d1e4163952b3c622dcea5b08a6405322",
                "sha256:9e93e79c2551ff263400e1e4be085a1210e12073a31c2011dbbda14bda0c6132",
                "sha256:9ff227395193126d82e60319a673a037d5de84633f11279e336f9c0f189ecc62",
                "sha256:a465da611f6fa124963b91bf432d960a555563efe4ed1cc403ba5077b15370aa",
                "sha256:ad17025d226ee5beec591b52800c11680fca3df50b8b29fe51d882576e039ee0",
                "sha256:afb29c1ba2e5a3736f1c301d9d0abe3ec8b86957d04ddfa9d7a6a42b9367e396",
                "sha256:b85eb46a81787c50650f2392b9b4ef23e1f126313b9e0e9013b35c15e4288e2e",
                "sha256:bb89f306e5da99f4d922728ddcd6f7fcebb3241fc40edebcb7284d7514741991",
                "sha256:cbde590d4faaa07c72bf979734738f328d239913ba3e043b1e98fe9a39f8b2b6",
                "sha256:cd2868886d547469123fadc46eac7ea5253ea7fcb139f12e1dfc2bbd406427d1",
                "sha256:d42b11d692e11b6634f7613ad8df5d6d5f8875f5d48939520d351007b3c13406",
                "sha256:f2d45f97ab6bb54753eab54fffe75aaf3de4ff2341c9daee1987ee1837636f1d",
                "sha256:fd78e5fee591709f32ef6edb9a015b4aa1a5022598e36227500c8f4e02328d9c"
            ],
            "version": "==1.14.5"
        },
        "chardet": {
            "hashes": [
                "sha256:0d6f53a15db4120f2b08c94f11e7d93d2c911ee118b6b30a04ec3ee8310179fa",
                "sha256:f864054d66fd9118f2e67044ac8981a54775ec5b67aed0441892edb553d21da5"
            ],
            "version": "==4.0.0"
        },
        "click": {
            "hashes": [
                "sha256:d2b5255c7c6349bc1bd1e59e08cd12acbbd63ce649f2588755783aa94dfb6b1a",
                "sha256:dacca89f4bfadd5de3d7489b7c8a566eee0d3676333fbb50030263894c38c0dc"
            ],
            "version": "==7.1.2"
        },
        "cryptography": {
            "hashes": [
                "sha256:091d31c42f444c6f519485ed528d8b451d1a0c7bf30e8ca583a0cac44b8a0df6",
                "sha256:18452582a3c85b96014b45686af264563e3e5d99d226589f057ace56196ec78b",
                "sha256:1dfa985f62b137909496e7fc182dac687206d8d089dd03eaeb28ae16eec8e7d5",
                "sha256:1e4014639d3d73fbc5ceff206049c5a9a849cefd106a49fa7aaaa25cc0ce35cf",
                "sha256:22e91636a51170df0ae4dcbd250d318fd28c9f491c4e50b625a49964b24fe46e",
                "sha256:3b3eba865ea2754738616f87292b7f29448aec342a7c720956f8083d252bf28b",
                "sha256:651448cd2e3a6bc2bb76c3663785133c40d5e1a8c1a9c5429e4354201c6024ae",
                "sha256:726086c17f94747cedbee6efa77e99ae170caebeb1116353c6cf0ab67ea6829b",
                "sha256:844a76bc04472e5135b909da6aed84360f522ff5dfa47f93e3dd2a0b84a89fa0",
                "sha256:88c881dd5a147e08d1bdcf2315c04972381d026cdb803325c03fe2b4a8ed858b",
                "sha256:96c080ae7118c10fcbe6229ab43eb8b090fccd31a09ef55f83f690d1ef619a1d",
                "sha256:a0c30272fb4ddda5f5ffc1089d7405b7a71b0b0f51993cb4e5dbb4590b2fc229",
                "sha256:bb1f0281887d89617b4c68e8db9a2c42b9efebf2702a3c5bf70599421a8623e3",
                "sha256:c447cf087cf2dbddc1add6987bbe2f767ed5317adb2d08af940db517dd704365",
                "sha256:c4fd17d92e9d55b84707f4fd09992081ba872d1a0c610c109c18e062e06a2e55",
                "sha256:d0d5aeaedd29be304848f1c5059074a740fa9f6f26b84c5b63e8b29e73dfc270",
                "sha256:daf54a4b07d67ad437ff239c8a4080cfd1cc7213df57d33c97de7b4738048d5e",
                "sha256:e993468c859d084d5579e2ebee101de8f5a27ce8e2159959b6673b418fd8c785",
                "sha256:f118a95c7480f5be0df8afeb9a11bd199aa20afab7a96bcf20409b411a3a85f0"
            ],
            "version": "==2.9.2"
        },
        "docutils": {
            "hashes": [
                "sha256:6c4f696463b79f1fb8ba0c594b63840ebd41f059e92b31957c46b74a4599b6d0",
                "sha256:9e4d7ecfc600058e07ba661411a2b7de2fd0fafa17d1a7f7361cd47b1175c827",
                "sha256:a2aeea129088da402665e92e0b25b04b073c04b2dce4ab65caaa38b7ce2e1a99"
            ],
            "version": "==0.15.2"
        },
        "flask": {
            "hashes": [
                "sha256:4efa1ae2d7c9865af48986de8aeb8504bf32c7f3d6fdc9353d34b21f4b127060",
                "sha256:8a4fdd8936eba2512e9c85df320a37e694c93945b33ef33c89946a340a238557"
            ],
            "version": "==1.1.2"
        },
        "google-auth": {
            "hashes": [
                "sha256:9bd436d19ab047001a1340720d2b629eb96dd503258c524921ec2af3ee88a80e",
                "sha256:dcaba3aa9d4e0e96fd945bf25a86b6f878fcb05770b67adbeb50a63ca4d28a5e"
            ],
            "version": "==1.28.0"
        },
        "h11": {
            "hashes": [
                "sha256:36a3cb8c0a032f56e2da7084577878a035d3b61d104230d4bd49c0c6b555a9c6",
                "sha256:47222cb6067e4a307d535814917cd98fd0a57b6788ce715755fa2b6c28b56042"
            ],
            "version": "==0.12.0"
        },
        "h2": {
            "hashes": [
                "sha256:61e0f6601fa709f35cdb730863b4e5ec7ad449792add80d1410d4174ed139af5",
                "sha256:875f41ebd6f2c44781259005b157faed1a5031df3ae5aa7bcb4628a6c0782f14"
            ],
            "version": "==3.2.0"
        },
        "hpack": {
            "hashes": [
                "sha256:0edd79eda27a53ba5be2dfabf3b15780928a0dff6eb0c60a3d6767720e970c89",
                "sha256:8eec9c1f4bfae3408a3f30500261f7e6a65912dc138526ea054f9ad98892e9d2"
            ],
            "version": "==3.0.0"
        },
        "hyperframe": {
            "hashes": [
                "sha256:5187962cb16dcc078f23cb5a4b110098d546c3f41ff2d4038a9896893bbd0b40",
                "sha256:a9f5c17f2cc3c719b917c4f33ed1c61bd1f8dfac4b1bd23b7c80b3400971b41f"
            ],
            "version": "==5.2.0"
        },
        "idna": {
            "hashes": [
                "sha256:b307872f855b18632ce0c21c5e45be78c0ea7ae4c15c828c20788b26921eb3f6",
                "sha256:b97d804b1e9b523befed77c48dacec60e6dcb0b5391d57af6a65a312a90648c0"
            ],
            "version": "==2.10"
        },
        "itsdangerous": {
            "hashes": [
                "sha256:321b033d07f2a4136d3ec762eac9f16a10ccd60f53c0c91af90217ace7ba1f19",
                "sha256:b12271b2047cb23eeb98c8b5622e2e5c5e9abd9784a153e9d8ef9cb4dd09d749"
            ],
            "version": "==1.1.0"
        },
        "jinja2": {
            "hashes": [
                "sha256:03e47ad063331dd6a3f04a43eddca8a966a26ba0c5b7207a9a9e4e08f1b29419",
                "sha256:a6d58433de0ae800347cab1fa3043cebbabe8baa9d29e668f1c768cb87a333c6"
            ],
            "version": "==2.11.3"
        },
        "jmespath": {
            "hashes": [
                "sha256:b85d0567b8666149a93172712e68920734333c0ce7e89b78b3e987f71e5ed4f9",
                "sha256:cdf6525904cc597730141d61b36f2e4b8ecc257c420fa2f4549bac2c2d0cb72f"
            ],
            "version": "==0.10.0"
        },
        "kaitaistruct": {
            "hashes": [
                "sha256:d1d17c7f6839b3d28fc22b21295f787974786c2201e8788975e72e2a1d109ff5"
            ],
            "version": "==0.8"
        },
        "kubernetes": {
            "hashes": [
                "sha256:1a2472f8b01bc6aa87e3a34781f859bded5a5c8ff791a53d889a8bd6cc550430",
                "sha256:4af81201520977139a143f96123fb789fa351879df37f122916b9b6ed050bbaf"
            ],
            "index": "pypi",
            "version": "==11.0.0"
        },
        "ldap3": {
            "hashes": [
                "sha256:17f04298b70bf7ecaa5db8a7d8622b5a962ef7fc2b245b2eea705ac1c24338c0",
                "sha256:81df4ac8b6df10fb1f05b17c18d0cb8c4c344d5a03083c382824960ed959cf5b"
            ],
            "version": "==2.7"
        },
        "markupsafe": {
            "hashes": [
                "sha256:00bc623926325b26bb9605ae9eae8a215691f33cae5df11ca5424f06f2d1f473",
                "sha256:09027a7803a62ca78792ad89403b1b7a73a01c8cb65909cd876f7fcebd79b161",
                "sha256:09c4b7f37d6c648cb13f9230d847adf22f8171b1ccc4d5682398e77f40309235",
                "sha256:1027c282dad077d0bae18be6794e6b6b8c91d58ed8a8d89a89d59693b9131db5",
                "sha256:13d3144e1e340870b25e7b10b98d779608c02016d5184cfb9927a9f10c689f42",
                "sha256:195d7d2c4fbb0ee8139a6cf67194f3973a6b3042d742ebe0a9ed36d8b6f0c07f",
                "sha256:22c178a091fc6630d0d045bdb5992d2dfe14e3259760e713c490da5323866c39",
                "sha256:24982cc2533820871eba85ba648cd53d8623687ff11cbb805be4ff7b4c971aff",
                "sha256:29872e92839765e546828bb7754a68c418d927cd064fd4708fab9fe9c8bb116b",
                "sha256:2beec1e0de6924ea551859edb9e7679da6e4870d32cb766240ce17e0a0ba2014",
                "sha256:3b8a6499709d29c2e2399569d96719a1b21dcd94410a586a18526b143ec8470f",
                "sha256:43a55c2930bbc139570ac2452adf3d70cdbb3cfe5912c71cdce1c2c6bbd9c5d1",
                "sha256:46c99d2de99945ec5cb54f23c8cd5689f6d7177305ebff350a58ce5f8de1669e",
                "sha256:500d4957e52ddc3351cabf489e79c91c17f6e0899158447047588650b5e69183",
                "sha256:535f6fc4d397c1563d08b88e485c3496cf5784e927af890fb3c3aac7f933ec66",
                "sha256:596510de112c685489095da617b5bcbbac7dd6384aeebeda4df6025d0256a81b",
                "sha256:62fe6c95e3ec8a7fad637b7f3d372c15ec1caa01ab47926cfdf7a75b40e0eac1",
                "sha256:6788b695d50a51edb699cb55e35487e430fa21f1ed838122d722e0ff0ac5ba15",
                "sha256:6dd73240d2af64df90aa7c4e7481e23825ea70af4b4922f8ede5b9e35f78a3b1",
                "sha256:6f1e273a344928347c1290119b493a1f0303c52f5a5eae5f16d74f48c15d4a85",
                "sha256:6fffc775d90dcc9aed1b89219549b329a9250d918fd0b8fa8d93d154918422e1",
                "sha256:717ba8fe3ae9cc0006d7c451f0bb265ee07739daf76355d06366154ee68d221e",
                "sha256:79855e1c5b8da654cf486b830bd42c06e8780cea587384cf6545b7d9ac013a0b",
                "sha256:7c1699dfe0cf8ff607dbdcc1e9b9af1755371f92a68f706051cc8c37d447c905",
                "sha256:7fed13866cf14bba33e7176717346713881f56d9d2bcebab207f7a036f41b850",
                "sha256:84dee80c15f1b560d55bcfe6d47b27d070b4681c699c572af2e3c7cc90a3b8e0",
                "sha256:88e5fcfb52ee7b911e8bb6d6aa2fd21fbecc674eadd44118a9cc3863f938e735",
                "sha256:8defac2f2ccd6805ebf65f5eeb132adcf2ab57aa11fdf4c0dd5169a004710e7d",
                "sha256:98bae9582248d6cf62321dcb52aaf5d9adf0bad3b40582925ef7c7f0ed85fceb",
                "sha256:98c7086708b163d425c67c7a91bad6e466bb99d797aa64f965e9d25c12111a5e",
                "sha256:9add70b36c5666a2ed02b43b335fe19002ee5235efd4b8a89bfcf9005bebac0d",
                "sha256:9bf40443012702a1d2070043cb6291650a0841ece432556f784f004937f0f32c",
                "sha256:a6a744282b7718a2a62d2ed9d993cad6f5f585605ad352c11de459f4108df0a1",
                "sha256:acf08ac40292838b3cbbb06cfe9b2cb9ec78fce8baca31ddb87aaac2e2dc3bc2",
                "sha256:ade5e387d2ad0d7ebf59146cc00c8044acbd863725f887353a10df825fc8ae21",
                "sha256:b00c1de48212e4cc9603895652c5c410df699856a2853135b3967591e4beebc2",
                "sha256:b1282f8c00509d99fef04d8ba936b156d419be841854fe901d8ae224c59f0be5",
                "sha256:b1dba4527182c95a0db8b6060cc98ac49b9e2f5e64320e2b56e47cb2831978c7",
                "sha256:b2051432115498d3562c084a49bba65d97cf251f5a331c64a12ee7e04dacc51b",
                "sha256:b7d644ddb4dbd407d31ffb699f1d140bc35478da613b441c582aeb7c43838dd8",
                "sha256:ba59edeaa2fc6114428f1637ffff42da1e311e29382d81b339c1817d37ec93c6",
                "sha256:bf5aa3cbcfdf57fa2ee9cd1822c862ef23037f5c832ad09cfea57fa846dec193",
                "sha256:c8716a48d94b06bb3b2524c2b77e055fb313aeb4ea620c8dd03a105574ba704f",
                "sha256:caabedc8323f1e93231b52fc32bdcde6db817623d33e100708d9a68e1f53b26b",
                "sha256:cd5df75523866410809ca100dc9681e301e3c27567cf498077e8551b6d20e42f",
                "sha256:cdb132fc825c38e1aeec2c8aa9338310d29d337bebbd7baa06889d09a60a1fa2",
                "sha256:d53bc011414228441014aa71dbec320c66468c1030aae3a6e29778a3382d96e5",
                "sha256:d73a845f227b0bfe8a7455ee623525ee656a9e2e749e4742706d80a6065d5e2c",
                "sha256:d9be0ba6c527163cbed5e0857c451fcd092ce83947944d6c14bc95441203f032",
                "sha256:e249096428b3ae81b08327a63a485ad0878de3fb939049038579ac0ef61e17e7",
                "sha256:e8313f01ba26fbbe36c7be1966a7b7424942f670f38e666995b88d012765b9be",
                "sha256:feb7b34d6325451ef96bc0e36e1a6c0c1c64bc1fbec4b854f4529e51887b1621"
            ],
            "version": "==1.1.1"
        },
        "mitmproxy": {
            "hashes": [
                "sha256:61f648157d9fd0b3d1d75c0c57b3d2859974c8fd5a1b7aba8394d8fc13901610"
            ],
            "index": "pypi",
            "version": "==5.1.1"
        },
        "oauthlib": {
            "hashes": [
                "sha256:bee41cc35fcca6e988463cacc3bcb8a96224f470ca547e697b604cc697b2f889",
                "sha256:df884cd6cbe20e32633f1db1072e9356f53638e4361bef4e8b03c9127c9328ea"
            ],
            "version": "==3.1.0"
        },
        "passlib": {
            "hashes": [
                "sha256:aa6bca462b8d8bda89c70b382f0c298a20b5560af6cbfa2dce410c0a2fb669f1",
                "sha256:defd50f72b65c5402ab2c573830a6978e5f202ad0d984793c8dde2c4152ebe04"
            ],
            "version": "==1.7.4"
        },
        "protobuf": {
            "hashes": [
                "sha256:0bae429443cc4748be2aadfdaf9633297cfaeb24a9a02d0ab15849175ce90fab",
                "sha256:24e3b6ad259544d717902777b33966a1a069208c885576254c112663e6a5bb0f",
                "sha256:310a7aca6e7f257510d0c750364774034272538d51796ca31d42c3925d12a52a",
                "sha256:52e586072612c1eec18e1174f8e3bb19d08f075fc2e3f91d3b16c919078469d0",
                "sha256:73152776dc75f335c476d11d52ec6f0f6925774802cd48d6189f4d5d7fe753f4",
                "sha256:7774bbbaac81d3ba86de646c39f154afc8156717972bf0450c9dbfa1dc8dbea2",
                "sha256:82d7ac987715d8d1eb4068bf997f3053468e0ce0287e2729c30601feb6602fee",
                "sha256:8eb9c93798b904f141d9de36a0ba9f9b73cc382869e67c9e642c0aba53b0fc07",
                "sha256:adf0e4d57b33881d0c63bb11e7f9038f98ee0c3e334c221f0858f826e8fb0151",
                "sha256:c40973a0aee65422d8cb4e7d7cbded95dfeee0199caab54d5ab25b63bce8135a",
                "sha256:c77c974d1dadf246d789f6dad1c24426137c9091e930dbf50e0a29c1fcf00b1f",
                "sha256:dd9aa4401c36785ea1b6fff0552c674bdd1b641319cb07ed1fe2392388e9b0d7",
                "sha256:e11df1ac6905e81b815ab6fd518e79be0a58b5dc427a2cf7208980f30694b956",
                "sha256:e2f8a75261c26b2f5f3442b0525d50fd79a71aeca04b5ec270fc123536188306",
                "sha256:e512b7f3a4dd780f59f1bf22c302740e27b10b5c97e858a6061772668cd6f961",
                "sha256:ef2c2e56aaf9ee914d3dccc3408d42661aaf7d9bb78eaa8f17b2e6282f214481",
                "sha256:fac513a9dc2a74b99abd2e17109b53945e364649ca03d9f7a0b96aa8d1807d0a",
                "sha256:fdfb6ad138dbbf92b5dbea3576d7c8ba7463173f7d2cb0ca1bd336ec88ddbd80"
            ],
            "version": "==3.11.3"
        },
        "publicsuffix2": {
            "hashes": [
                "sha256:00f8cc31aa8d0d5592a5ced19cccba7de428ebca985db26ac852d920ddd6fe7b",
                "sha256:786b5e36205b88758bd3518725ec8cfe7a8173f5269354641f581c6b80a99893"
            ],
            "version": "==2.20191221"
        },
        "pyasn1": {
            "hashes": [
                "sha256:39c7e2ec30515947ff4e87fb6f456dfc6e84857d34be479c9d4a4ba4bf46aa5d",
                "sha256:aef77c9fb94a3ac588e87841208bdec464471d9871bd5050a287cc9a475cd0ba"
            ],
            "version": "==0.4.8"
        },
        "pyasn1-modules": {
            "hashes": [
                "sha256:905f84c712230b2c592c19470d3ca8d552de726050d1d1716282a1f6146be65e",
                "sha256:a50b808ffeb97cb3601dd25981f6b016cbb3d31fbf57a8b8a87428e6158d0c74"
            ],
            "version": "==0.2.8"
        },
        "pycparser": {
            "hashes": [
                "sha256:2d475327684562c3a96cc71adf7dc8c4f0565175cf86b6d7a404ff4c771f15f0",
                "sha256:7582ad22678f0fcd81102833f60ef8d0e57288b6b5fb00323d101be910e35705"
            ],
            "version": "==2.20"
        },
        "pyopenssl": {
            "hashes": [
                "sha256:621880965a720b8ece2f1b2f54ea2071966ab00e2970ad2ce11d596102063504",
                "sha256:9a24494b2602aaf402be5c9e30a0b82d4a5c67528fe8fb475e3f3bc00dd69507"
            ],
            "version": "==19.1.0"
        },
        "pyparsing": {
            "hashes": [
                "sha256:c203ec8783bf771a155b207279b9bccb8dea02d8f0c9e5f8ead507bc3246ecc1",
                "sha256:ef9d7589ef3c200abe66653d3f1ab1033c3c419ae9b9bdb1240a85b024efc88b"
            ],
            "version": "==2.4.7"
        },
        "pyperclip": {
            "hashes": [
                "sha256:105254a8b04934f0bc84e9c24eb360a591aaf6535c9def5f29d92af107a9bf57"
            ],
            "version": "==1.8.2"
        },
        "python-dateutil": {
            "hashes": [
                "sha256:73ebfe9dbf22e832286dafa60473e4cd239f8592f699aa5adaf10050e6e1823c",
                "sha256:75bb3f31ea686f1197762692a9ee6a7550b59fc6ca3a1f4b5d7e32fb98e2da2a"
            ],
            "version": "==2.8.1"
        },
        "pytz": {
            "hashes": [
                "sha256:a494d53b6d39c3c6e44c3bec237336e14305e4f29bbf800b599253057fbb79ed",
                "sha256:c35965d010ce31b23eeb663ed3cc8c906275d6be1a34393a1d73a41febf4a048"
            ],
            "index": "pypi",
            "version": "==2020.1"
        },
        "pyyaml": {
            "hashes": [
                "sha256:02c78d77281d8f8d07a255e57abdbf43b02257f59f50cc6b636937d68efa5dd0",
                "sha256:0dc9f2eb2e3c97640928dec63fd8dc1dd91e6b6ed236bd5ac00332b99b5c2ff9",
                "sha256:124fd7c7bc1e95b1eafc60825f2daf67c73ce7b33f1194731240d24b0d1bf628",
                "sha256:26fcb33776857f4072601502d93e1a619f166c9c00befb52826e7b774efaa9db",
                "sha256:31ba07c54ef4a897758563e3a0fcc60077698df10180abe4b8165d9895c00ebf",
                "sha256:3c49e39ac034fd64fd576d63bb4db53cda89b362768a67f07749d55f128ac18a",
                "sha256:52bf0930903818e600ae6c2901f748bc4869c0c406056f679ab9614e5d21a166",
                "sha256:5a3f345acff76cad4aa9cb171ee76c590f37394186325d53d1aa25318b0d4a09",
                "sha256:5e7ac4e0e79a53451dc2814f6876c2fa6f71452de1498bbe29c0b54b69a986f4",
                "sha256:7242790ab6c20316b8e7bb545be48d7ed36e26bbe279fd56f2c4a12510e60b4b",
                "sha256:737bd70e454a284d456aa1fa71a0b429dd527bcbf52c5c33f7c8eee81ac16b89",
                "sha256:8635d53223b1f561b081ff4adecb828fd484b8efffe542edcfdff471997f7c39",
                "sha256:8b818b6c5a920cbe4203b5a6b14256f0e5244338244560da89b7b0f1313ea4b6",
                "sha256:8bf38641b4713d77da19e91f8b5296b832e4db87338d6aeffe422d42f1ca896d",
                "sha256:a36a48a51e5471513a5aea920cdad84cbd56d70a5057cca3499a637496ea379c",
                "sha256:b2243dd033fd02c01212ad5c601dafb44fbb293065f430b0d3dbf03f3254d615",
                "sha256:cc547d3ead3754712223abb7b403f0a184e4c3eae18c9bb7fd15adef1597cc4b",
                "sha256:cc552b6434b90d9dbed6a4f13339625dc466fd82597119897e9489c953acbc22",
                "sha256:f3790156c606299ff499ec44db422f66f05a7363b39eb9d5b064f17bd7d7c47b",
                "sha256:f7a21e3d99aa3095ef0553e7ceba36fb693998fbb1226f1392ce33681047465f",
                "sha256:fdc6b2cb4b19e431994f25a9160695cc59a4e861710cc6fc97161c5e845fc579"
            ],
            "index": "pypi",
            "version": "==5.4"
        },
        "requests": {
            "hashes": [
                "sha256:27973dd4a904a4f13b263a19c866c13b92a39ed1c964655f025f3f8d3d75b804",
                "sha256:c210084e36a42ae6b9219e00e48287def368a26d03a048ddad7bfee44f75871e"
            ],
            "version": "==2.25.1"
        },
        "requests-file": {
            "hashes": [
                "sha256:07d74208d3389d01c38ab89ef403af0cfec63957d53a0081d8eca738d0247d8e",
                "sha256:dfe5dae75c12481f68ba353183c53a65e6044c923e64c24b2209f6c7570ca953"
            ],
            "version": "==1.5.1"
        },
        "requests-oauthlib": {
            "hashes": [
                "sha256:7f71572defaecd16372f9006f33c2ec8c077c3cfa6f5911a9a90202beb513f3d",
                "sha256:b4261601a71fd721a8bd6d7aa1cc1d6a8a93b4a9f5e96626f8e4d91e8beeaa6a"
            ],
            "version": "==1.3.0"
        },
        "rsa": {
            "hashes": [
                "sha256:78f9a9bf4e7be0c5ded4583326e7461e3a3c5aae24073648b4bdfa797d78c9d2",
                "sha256:9d689e6ca1b3038bc82bf8d23e944b6b6037bc02301a574935b2dd946e0353b9"
            ],
            "markers": "python_version >= '3.6'",
            "version": "==4.7.2"
        },
        "ruamel.yaml": {
            "hashes": [
                "sha256:64b06e7873eb8e1125525ecef7345447d786368cadca92a7cd9b59eae62e95a3",
                "sha256:bb48c514222702878759a05af96f4b7ecdba9b33cd4efcf25c86b882cef3a942"
            ],
            "version": "==0.16.13"
        },
        "ruamel.yaml.clib": {
            "hashes": [
                "sha256:058a1cc3df2a8aecc12f983a48bda99315cebf55a3b3a5463e37bb599b05727b",
                "sha256:1236df55e0f73cd138c0eca074ee086136c3f16a97c2ac719032c050f7e0622f",
                "sha256:1f8c0a4577c0e6c99d208de5c4d3fd8aceed9574bb154d7a2b21c16bb924154c",
                "sha256:2602e91bd5c1b874d6f93d3086f9830f3e907c543c7672cf293a97c3fabdcd91",
                "sha256:28116f204103cb3a108dfd37668f20abe6e3cafd0d3fd40dba126c732457b3cc",
                "sha256:2d24bd98af676f4990c4d715bcdc2a60b19c56a3fb3a763164d2d8ca0e806ba7",
                "sha256:2fd336a5c6415c82e2deb40d08c222087febe0aebe520f4d21910629018ab0f3",
                "sha256:30dca9bbcbb1cc858717438218d11eafb78666759e5094dd767468c0d577a7e7",
                "sha256:44c7b0498c39f27795224438f1a6be6c5352f82cb887bc33d962c3a3acc00df6",
                "sha256:464e66a04e740d754170be5e740657a3b3b6d2bcc567f0c3437879a6e6087ff6",
                "sha256:46d6d20815064e8bb023ea8628cfb7402c0f0e83de2c2227a88097e239a7dffd",
                "sha256:4df5019e7783d14b79217ad9c56edf1ba7485d614ad5a385d1b3c768635c81c0",
                "sha256:4e52c96ca66de04be42ea2278012a2342d89f5e82b4512fb6fb7134e377e2e62",
                "sha256:5254af7d8bdf4d5484c089f929cb7f5bafa59b4f01d4f48adda4be41e6d29f99",
                "sha256:52ae5739e4b5d6317b52f5b040b1b6639e8af68a5b8fd606a8b08658fbd0cab5",
                "sha256:53b9dd1abd70e257a6e32f934ebc482dac5edb8c93e23deb663eac724c30b026",
                "sha256:6c0a5dc52fc74eb87c67374a4e554d4761fd42a4d01390b7e868b30d21f4b8bb",
                "sha256:73b3d43e04cc4b228fa6fa5d796409ece6fcb53a6c270eb2048109cbcbc3b9c2",
                "sha256:74161d827407f4db9072011adcfb825b5258a5ccb3d2cd518dd6c9edea9e30f1",
                "sha256:75f0ee6839532e52a3a53f80ce64925ed4aed697dd3fa890c4c918f3304bd4f4",
                "sha256:839dd72545ef7ba78fd2aa1a5dd07b33696adf3e68fae7f31327161c1093001b",
                "sha256:8be05be57dc5c7b4a0b24edcaa2f7275866d9c907725226cdde46da09367d923",
                "sha256:8e8fd0a22c9d92af3a34f91e8a2594eeb35cba90ab643c5e0e643567dc8be43e",
                "sha256:a873e4d4954f865dcb60bdc4914af7eaae48fb56b60ed6daa1d6251c72f5337c",
                "sha256:ab845f1f51f7eb750a78937be9f79baea4a42c7960f5a94dde34e69f3cce1988",
                "sha256:b1e981fe1aff1fd11627f531524826a4dcc1f26c726235a52fcb62ded27d150f",
                "sha256:b4b0d31f2052b3f9f9b5327024dc629a253a83d8649d4734ca7f35b60ec3e9e5",
                "sha256:c6ac7e45367b1317e56f1461719c853fd6825226f45b835df7436bb04031fd8a",
                "sha256:daf21aa33ee9b351f66deed30a3d450ab55c14242cfdfcd377798e2c0d25c9f1",
                "sha256:e9f7d1d8c26a6a12c23421061f9022bb62704e38211fe375c645485f38df34a2",
                "sha256:f6061a31880c1ed6b6ce341215336e2f3d0c1deccd84957b6fa8ca474b41e89f"
            ],
            "markers": "platform_python_implementation == 'CPython' and python_version < '3.10'",
            "version": "==0.2.2"
        },
        "s3transfer": {
            "hashes": [
                "sha256:5d48b1fd2232141a9d5fb279709117aaba506cacea7f86f11bc392f06bfa8fc2",
                "sha256:c5dadf598762899d8cfaecf68eba649cd25b0ce93b6c954b156aaa3eed160547"
            ],
            "version": "==0.3.6"
        },
        "six": {
            "hashes": [
                "sha256:30639c035cdb23534cd4aa2dd52c3bf48f06e5f4a941509c8bafd8ce11080259",
                "sha256:8b74bedcbbbaca38ff6d7491d76f2b06b3592611af620f8426e82dddb04a5ced"
            ],
            "version": "==1.15.0"
        },
        "sortedcontainers": {
            "hashes": [
                "sha256:974e9a32f56b17c1bac2aebd9dcf197f3eb9cd30553c5852a3187ad162e1a03a",
                "sha256:d9e96492dd51fae31e60837736b38fe42a187b5404c16606ff7ee7cd582d4c60"
            ],
            "version": "==2.1.0"
        },
        "tldextract": {
            "hashes": [
                "sha256:16b2f7e81d89c2a5a914d25bdbddd3932c31a6b510db886c3ce0764a195c0ee7",
                "sha256:9aa21a1f7827df4209e242ec4fc2293af5940ec730cde46ea80f66ed97bfc808"
            ],
            "index": "pypi",
            "version": "==2.2.2"
        },
        "tornado": {
            "hashes": [
                "sha256:0a00ff4561e2929a2c37ce706cb8233b7907e0cdc22eab98888aca5dd3775feb",
                "sha256:0d321a39c36e5f2c4ff12b4ed58d41390460f798422c4504e09eb5678e09998c",
                "sha256:1e8225a1070cd8eec59a996c43229fe8f95689cb16e552d130b9793cb570a288",
                "sha256:20241b3cb4f425e971cb0a8e4ffc9b0a861530ae3c52f2b0434e6c1b57e9fd95",
                "sha256:25ad220258349a12ae87ede08a7b04aca51237721f63b1808d39bdb4b2164558",
                "sha256:33892118b165401f291070100d6d09359ca74addda679b60390b09f8ef325ffe",
                "sha256:33c6e81d7bd55b468d2e793517c909b139960b6c790a60b7991b9b6b76fb9791",
                "sha256:3447475585bae2e77ecb832fc0300c3695516a47d46cefa0528181a34c5b9d3d",
                "sha256:34ca2dac9e4d7afb0bed4677512e36a52f09caa6fded70b4e3e1c89dbd92c326",
                "sha256:3e63498f680547ed24d2c71e6497f24bca791aca2fe116dbc2bd0ac7f191691b",
                "sha256:548430be2740e327b3fe0201abe471f314741efcb0067ec4f2d7dcfb4825f3e4",
                "sha256:6196a5c39286cc37c024cd78834fb9345e464525d8991c21e908cc046d1cc02c",
                "sha256:61b32d06ae8a036a6607805e6720ef00a3c98207038444ba7fd3d169cd998910",
                "sha256:6286efab1ed6e74b7028327365cf7346b1d777d63ab30e21a0f4d5b275fc17d5",
                "sha256:65d98939f1a2e74b58839f8c4dab3b6b3c1ce84972ae712be02845e65391ac7c",
                "sha256:66324e4e1beede9ac79e60f88de548da58b1f8ab4b2f1354d8375774f997e6c0",
                "sha256:6c77c9937962577a6a76917845d06af6ab9197702a42e1346d8ae2e76b5e3675",
                "sha256:70dec29e8ac485dbf57481baee40781c63e381bebea080991893cd297742b8fd",
                "sha256:7250a3fa399f08ec9cb3f7b1b987955d17e044f1ade821b32e5f435130250d7f",
                "sha256:748290bf9112b581c525e6e6d3820621ff020ed95af6f17fedef416b27ed564c",
                "sha256:7da13da6f985aab7f6f28debab00c67ff9cbacd588e8477034c0652ac141feea",
                "sha256:8f959b26f2634a091bb42241c3ed8d3cedb506e7c27b8dd5c7b9f745318ddbb6",
                "sha256:9de9e5188a782be6b1ce866e8a51bc76a0fbaa0e16613823fc38e4fc2556ad05",
                "sha256:a48900ecea1cbb71b8c71c620dee15b62f85f7c14189bdeee54966fbd9a0c5bd",
                "sha256:b87936fd2c317b6ee08a5741ea06b9d11a6074ef4cc42e031bc6403f82a32575",
                "sha256:c77da1263aa361938476f04c4b6c8916001b90b2c2fdd92d8d535e1af48fba5a",
                "sha256:cb5ec8eead331e3bb4ce8066cf06d2dfef1bfb1b2a73082dfe8a161301b76e37",
                "sha256:cc0ee35043162abbf717b7df924597ade8e5395e7b66d18270116f8745ceb795",
                "sha256:d14d30e7f46a0476efb0deb5b61343b1526f73ebb5ed84f23dc794bdb88f9d9f",
                "sha256:d371e811d6b156d82aa5f9a4e08b58debf97c302a35714f6f45e35139c332e32",
                "sha256:d3d20ea5782ba63ed13bc2b8c291a053c8d807a8fa927d941bd718468f7b950c",
                "sha256:d3f7594930c423fd9f5d1a76bee85a2c36fd8b4b16921cae7e965f22575e9c01",
                "sha256:dcef026f608f678c118779cd6591c8af6e9b4155c44e0d1bc0c87c036fb8c8c4",
                "sha256:e0791ac58d91ac58f694d8d2957884df8e4e2f6687cdf367ef7eb7497f79eaa2",
                "sha256:e385b637ac3acaae8022e7e47dfa7b83d3620e432e3ecb9a3f7f58f150e50921",
                "sha256:e519d64089b0876c7b467274468709dadf11e41d65f63bba207e04217f47c085",
                "sha256:e7229e60ac41a1202444497ddde70a48d33909e484f96eb0da9baf8dc68541df",
                "sha256:ed3ad863b1b40cd1d4bd21e7498329ccaece75db5a5bf58cd3c9f130843e7102",
                "sha256:f0ba29bafd8e7e22920567ce0d232c26d4d47c8b5cf4ed7b562b5db39fa199c5",
                "sha256:fa2ba70284fa42c2a5ecb35e322e68823288a4251f9ba9cc77be04ae15eada68",
                "sha256:fba85b6cd9c39be262fcd23865652920832b61583de2a2ca907dbd8e8a8c81e5"
            ],
            "version": "==6.1"
        },
        "urllib3": {
            "hashes": [
                "sha256:8d7eaa5a82a1cac232164990f04874c594c9453ec55eef02eab885aa02fc17a2",
                "sha256:f5321fbe4bf3fefa0efd0bfe7fb14e90909eb62a48ccda331726b4319897dd5e"
            ],
            "markers": "python_version != '3.4'",
            "version": "==1.25.11"
        },
        "urwid": {
            "hashes": [
                "sha256:588bee9c1cb208d0906a9f73c613d2bd32c3ed3702012f51efe318a3f2127eae"
            ],
            "version": "==2.1.2"
        },
        "websocket-client": {
            "hashes": [
                "sha256:44b5df8f08c74c3d82d28100fdc81f4536809ce98a17f0757557813275fbb663",
                "sha256:63509b41d158ae5b7f67eb4ad20fecbb4eee99434e73e140354dc3ff8e09716f"
            ],
            "version": "==0.58.0"
        },
        "werkzeug": {
            "hashes": [
                "sha256:2de2a5db0baeae7b2d2664949077c2ac63fbd16d98da0ff71837f7d1dea3fd43",
                "sha256:6c80b1e5ad3665290ea39320b91e1be1e0d5f60652b964a3070216de83d2e47c"
            ],
            "version": "==1.0.1"
        },
        "wsproto": {
            "hashes": [
                "sha256:614798c30e5dc2b3f65acc03d2d50842b97621487350ce79a80a711229edfa9d",
                "sha256:e3d190a11d9307112ba23bbe60055604949b172143969c8f641318476a9b6f1d"
            ],
            "version": "==0.15.0"
        },
        "zstandard": {
            "hashes": [
                "sha256:0097740f6efef248d05f2d772fc4e75f282be9d599cd2b57f9349ad74c8579a9",
                "sha256:10fcf9fb35ed91c0fc7463974fcbfb696a831b151d6552fbd9bc870a1fd45601",
                "sha256:22daffeeab53105ed65bb2be9133f857617ae432415fe4d7b48976e38b14767b",
                "sha256:2866e623ae1288d0c1f37477dd6635a3526439a615caac7718ca65ad0a17aedc",
                "sha256:2a530a0aa03e979349a821f1cfa93e6ad006a02ac25e2f55ed9657a46c8a993a",
                "sha256:2c77185a4cefe3774ef4de4bcbf477c6e5f7d106e6d0e0f9d97c8c8d85a7a7ce",
                "sha256:2f3734428a65da36c82137daab5b3458d2e65f472315c4bd07996396309209a7",
                "sha256:3b08d5091615172804d261cc5629933de7252e479776e8acf42eb9d90d305003",
                "sha256:3ba348e22e9f0053454e6cd178806f6f5aaa2bc9a6a9f14c99107934d8825f97",
                "sha256:45f55338d1bc667823c78ae00036e1a4a28f96308abbd4a38c708a6876e58346",
                "sha256:5168161bad3ad4bfa3a9ac4cda168eec3eb5da640ef17d7d6c21f903d87dec51",
                "sha256:51d93f9fe4207424394f34b3793e274e50376c0e602a170fc8ec546213805446",
                "sha256:5d58b1a322312585b58aaa4c21f822be3e926fd4ce81f940b8dd4b873f000fa5",
                "sha256:5f303002cbf57e8ad1f18e5c23741d1ad5aa09ac2247c430a5843b93936e101f",
                "sha256:64c162416941e1c0bd449bf551bf255a0ca73d77c56796c5a2eef2249c489cd8",
                "sha256:77cd06c48cb9b5b96ac9d95f1de0a6d0c41d8e45cfdd8a76dac7a0ea1c9fa8c8",
                "sha256:7a6af45c49b374b39434d15e1cf8659733e611ddddf85ca4e018b597309ac0b9",
                "sha256:7af5837883020426e644ca8c3301e5398b46cb63eaaccf7405e574fd54f2c985",
                "sha256:7b75d91ed097e2e7b1fb60b314fd23e7dbec8b608da529d1df960e25e6b43349",
                "sha256:7db22006ea2ec0f97db51aeb1384f473cbf4d0f7974eff442d86ef9aa628a1eb",
                "sha256:853df35231ac662e8ab7154eb026fc9ed0bc9f6d52734d0d70975cfb1ac95b3f",
                "sha256:887861d2b6d926cef887f89f0d3d4d894ad75a12de1f2b41f15e00ac0a629230",
                "sha256:95e340e75891baf60e0c27f6bd3dcf9f2c72193bc04f953aaf7dfa7f76dadbb3",
                "sha256:984c12896fef610c023184e2185a011cac207530620f9bc7444983492942def3",
                "sha256:ab15c02af232325b2dfedb325a05e49717157f1243c47698046fe476e4111182",
                "sha256:b1f52f5cc60cd4b843bc7f0879e50796cb952381bae08101de07797b9d8c76a4",
                "sha256:b2c9717906a84dbd907fe648ede2add4c6d3eb73e1dff9fdd3046b8645a2679a",
                "sha256:b3b174f91f187563f64f912974a3554af494200dc2076329d638a3e12e333667",
                "sha256:b3e9b81e64de6a284ad8b55ab4d97a8c6c945e689d46b4c967889c3399104694",
                "sha256:b42860c8722c32e67731bf8b8fefc0f152eeebd461f7273ef53fae04ca19fbd0",
                "sha256:b44afaffcce80248cd9783a827a4510b0c6ebe1fee84e39c4ca0d3893f881865",
                "sha256:b53622c0a2b3044d911f307a92ca1872c0d16db03475a3f907056ce03905e298",
                "sha256:c010ce893c92ed7a857427a50c2aba389a64dfae9956cf990aec1ac00221f5d6",
                "sha256:c344c96679aa2d60be01d518b0132d1ea67aee511a9e0170cff6a8a8ba1032db",
                "sha256:c4bbd70ab4a19d174596c7a936d87bfd279ad8de0a818aa9f4ec42394b937f11",
                "sha256:c5261e2e7e678f95bab398b389009e62cf531a5d06d3ae188cd5c134d9d79823",
                "sha256:c72a839e9df34484212b722534e93f0688264435ae87e7c25dffab699b880c1f",
                "sha256:dd81cc69616e515984b8fc18bba73b0fb37e5600b3740eb835c6218445c1fa80",
                "sha256:ddb3eb9ca4c6b58d28ce028316e99ac9ff312bbff6399a33cd856fea2478664d",
                "sha256:df5d0c97bb13898bde0c56e87faa1ff9c37108997f904cbd5d44cd62362ff8e5",
                "sha256:e32f2f8d50209a72522e4e1b5ad350d311a9070bd1ee5ce978c1270e77214b9a",
                "sha256:e3c5e65b9a157e72129c6a57e2bbbc47091823bb4ab83b41f05ff47ea1608dbb",
                "sha256:e5cbd8b751bd498f275b0582f449f92f14e64f4e03b5bf51c571240d40d43561",
                "sha256:e5f6659c862f55d048bcd0e772bbfe80f3d69c731999308996c6f90daf98b770",
                "sha256:ea91080068f7491ee80d46d8b90ebc86b9794383645e974cb8c2d559fe215c00",
                "sha256:f1e64e1baea6bcaedc6df458f31fa79ffd2745999cc919862253d52e2eb67166",
                "sha256:f3fae7b31bc04cb09ca182d4c15ebe5caa65cd96b3be573e2d80140237c96780",
                "sha256:f4ec6aa8dca1d12fd190d42c7e5e8da860a38a344713d4f1994c4617dec52891"
            ],
            "version": "==0.13.0"
        }
    },
    "develop": {}
}
